
Microsoft Visual Studio Solution File, Format Version 12.00
# Visual Studio Version 16
VisualStudioVersion = 16.0.30330.147
MinimumVisualStudioVersion = 10.0.40219.1
Project("{2150E333-8FDC-42A3-9474-1A3956D46DE8}") = "Domain", "Domain", "{8D29AE92-B327-4EF9-BA71-9615DCD45409}"
EndProject
Project("{2150E333-8FDC-42A3-9474-1A3956D46DE8}") = "ServerSide", "ServerSide", "{C9DB9362-8B06-4ECC-9A3B-8165815CC0E3}"
EndProject
Project("{2150E333-8FDC-42A3-9474-1A3956D46DE8}") = "ClientSide", "ClientSide", "{36FFF255-3A18-4463-8DD1-9A76569198B5}"
EndProject
Project("{FAE04EC0-301F-11D3-BF4B-00C04F79EFBC}") = "BusinessDomain", "BusinessDomain\BusinessDomain.csproj", "{F867DC3B-5E94-4865-80C9-B674A34F03E1}"
EndProject
Project("{FAE04EC0-301F-11D3-BF4B-00C04F79EFBC}") = "ApplicationDomain", "ApplicationDomain\ApplicationDomain.csproj", "{D81DD246-C6A1-4A38-8085-23A248AEE585}"
EndProject
Project("{FAE04EC0-301F-11D3-BF4B-00C04F79EFBC}") = "DataDomain", "DataDomain\DataDomain.csproj", "{987C3F99-C5DB-42AB-858E-340600C1569A}"
EndProject
Project("{FAE04EC0-301F-11D3-BF4B-00C04F79EFBC}") = "Validations", "Validations\Validations.csproj", "{1C54901E-B566-4434-8AA3-A0686865868B}"
EndProject
Project("{FAE04EC0-301F-11D3-BF4B-00C04F79EFBC}") = "DataAccess", "DataAccess\DataAccess.csproj", "{E867DF00-DF52-45B5-A698-41EDFC050288}"
EndProject
Project("{FAE04EC0-301F-11D3-BF4B-00C04F79EFBC}") = "Services", "Services\Services.csproj", "{BB73F318-FFF2-4559-B092-55B23FD6C408}"
EndProject
Project("{FAE04EC0-301F-11D3-BF4B-00C04F79EFBC}") = "UOLPaisaWebApi", "UOLPaisaWebApi\UOLPaisaWebApi.csproj", "{1412D8E9-0675-494F-AB9A-625B90F56DC5}"
EndProject
Project("{FAE04EC0-301F-11D3-BF4B-00C04F79EFBC}") = "UOLPaisa", "UOLPaisa\UOLPaisa.csproj", "{6D12B13F-60F8-42C9-975C-DC2799D23840}"
EndProject
Global
	GlobalSection(SolutionConfigurationPlatforms) = preSolution
		Debug|Any CPU = Debug|Any CPU
		Release|Any CPU = Release|Any CPU
	EndGlobalSection
	GlobalSection(ProjectConfigurationPlatforms) = postSolution
		{F867DC3B-5E94-4865-80C9-B674A34F03E1}.Debug|Any CPU.ActiveCfg = Debug|Any CPU
		{F867DC3B-5E94-4865-80C9-B674A34F03E1}.Debug|Any CPU.Build.0 = Debug|Any CPU
		{F867DC3B-5E94-4865-80C9-B674A34F03E1}.Release|Any CPU.ActiveCfg = Release|Any CPU
		{F867DC3B-5E94-4865-80C9-B674A34F03E1}.Release|Any CPU.Build.0 = Release|Any CPU
		{D81DD246-C6A1-4A38-8085-23A248AEE585}.Debug|Any CPU.ActiveCfg = Debug|Any CPU
		{D81DD246-C6A1-4A38-8085-23A248AEE585}.Debug|Any CPU.Build.0 = Debug|Any CPU
		{D81DD246-C6A1-4A38-8085-23A248AEE585}.Release|Any CPU.ActiveCfg = Release|Any CPU
		{D81DD246-C6A1-4A38-8085-23A248AEE585}.Release|Any CPU.Build.0 = Release|Any CPU
		{987C3F99-C5DB-42AB-858E-340600C1569A}.Debug|Any CPU.ActiveCfg = Debug|Any CPU
		{987C3F99-C5DB-42AB-858E-340600C1569A}.Debug|Any CPU.Build.0 = Debug|Any CPU
		{987C3F99-C5DB-42AB-858E-340600C1569A}.Release|Any CPU.ActiveCfg = Release|Any CPU
		{987C3F99-C5DB-42AB-858E-340600C1569A}.Release|Any CPU.Build.0 = Release|Any CPU
		{1C54901E-B566-4434-8AA3-A0686865868B}.Debug|Any CPU.ActiveCfg = Debug|Any CPU
		{1C54901E-B566-4434-8AA3-A0686865868B}.Debug|Any CPU.Build.0 = Debug|Any CPU
		{1C54901E-B566-4434-8AA3-A0686865868B}.Release|Any CPU.ActiveCfg = Release|Any CPU
		{1C54901E-B566-4434-8AA3-A0686865868B}.Release|Any CPU.Build.0 = Release|Any CPU
		{E867DF00-DF52-45B5-A698-41EDFC050288}.Debug|Any CPU.ActiveCfg = Debug|Any CPU
		{E867DF00-DF52-45B5-A698-41EDFC050288}.Debug|Any CPU.Build.0 = Debug|Any CPU
		{E867DF00-DF52-45B5-A698-41EDFC050288}.Release|Any CPU.ActiveCfg = Release|Any CPU
		{E867DF00-DF52-45B5-A698-41EDFC050288}.Release|Any CPU.Build.0 = Release|Any CPU
		{BB73F318-FFF2-4559-B092-55B23FD6C408}.Debug|Any CPU.ActiveCfg = Debug|Any CPU
		{BB73F318-FFF2-4559-B092-55B23FD6C408}.Debug|Any CPU.Build.0 = Debug|Any CPU
		{BB73F318-FFF2-4559-B092-55B23FD6C408}.Release|Any CPU.ActiveCfg = Release|Any CPU
		{BB73F318-FFF2-4559-B092-55B23FD6C408}.Release|Any CPU.Build.0 = Release|Any CPU
		{1412D8E9-0675-494F-AB9A-625B90F56DC5}.Debug|Any CPU.ActiveCfg = Debug|Any CPU
		{1412D8E9-0675-494F-AB9A-625B90F56DC5}.Debug|Any CPU.Build.0 = Debug|Any CPU
		{1412D8E9-0675-494F-AB9A-625B90F56DC5}.Release|Any CPU.ActiveCfg = Release|Any CPU
		{1412D8E9-0675-494F-AB9A-625B90F56DC5}.Release|Any CPU.Build.0 = Release|Any CPU
		{6D12B13F-60F8-42C9-975C-DC2799D23840}.Debug|Any CPU.ActiveCfg = Debug|Any CPU
		{6D12B13F-60F8-42C9-975C-DC2799D23840}.Debug|Any CPU.Build.0 = Debug|Any CPU
		{6D12B13F-60F8-42C9-975C-DC2799D23840}.Release|Any CPU.ActiveCfg = Release|Any CPU
		{6D12B13F-60F8-42C9-975C-DC2799D23840}.Release|Any CPU.Build.0 = Release|Any CPU
	EndGlobalSection
	GlobalSection(SolutionProperties) = preSolution
		HideSolutionNode = FALSE
	EndGlobalSection
	GlobalSection(NestedProjects) = preSolution
		{F867DC3B-5E94-4865-80C9-B674A34F03E1} = {8D29AE92-B327-4EF9-BA71-9615DCD45409}
		{D81DD246-C6A1-4A38-8085-23A248AEE585} = {8D29AE92-B327-4EF9-BA71-9615DCD45409}
		{987C3F99-C5DB-42AB-858E-340600C1569A} = {8D29AE92-B327-4EF9-BA71-9615DCD45409}
		{1C54901E-B566-4434-8AA3-A0686865868B} = {8D29AE92-B327-4EF9-BA71-9615DCD45409}
		{E867DF00-DF52-45B5-A698-41EDFC050288} = {C9DB9362-8B06-4ECC-9A3B-8165815CC0E3}
		{BB73F318-FFF2-4559-B092-55B23FD6C408} = {C9DB9362-8B06-4ECC-9A3B-8165815CC0E3}
		{1412D8E9-0675-494F-AB9A-625B90F56DC5} = {C9DB9362-8B06-4ECC-9A3B-8165815CC0E3}
		{6D12B13F-60F8-42C9-975C-DC2799D23840} = {36FFF255-3A18-4463-8DD1-9A76569198B5}
	EndGlobalSection
	GlobalSection(ExtensibilityGlobals) = postSolution
		SolutionGuid = {61F59AC8-5B78-4EEE-B680-A2888F156B9D}
	EndGlobalSection
EndGlobal
